{
  "name": "node13",
  "version": "1.0.0",
  "lockfileVersion": 1,
  "requires": true,
  "dependencies": {
    "hqh-cal": {
      "version": "0.1.6",
      "resolved": "https://registry.npmjs.org/hqh-cal/-/hqh-cal-0.1.6.tgz",
      "integrity": "sha512-ENL8l+SpWLBIiBrN/qJuv7g66xUmr1yMCP1NySH4SCSDiTrr/zA12GEE4a4pXt8ZapjDKNnuFZKkJs8D/yEQfg=="
    }
  }
}
