{
  "name": "node10",
  "version": "1.0.0",
  "lockfileVersion": 1,
  "requires": true,
  "dependencies": {
    "hqh-one": {
      "version": "0.0.2",
      "resolved": "https://registry.npmjs.org/hqh-one/-/hqh-one-0.0.2.tgz",
      "integrity": "sha512-7vQA5fhoZ5AvPq0SOv1JBSW3KZq/kr63UC3y/iSPCwEvPzcRpFNsiMlBQlPgNdmxpNkZi3t8VcM7/XZRJiRCWg=="
    },
    "jquery": {
      "version": "3.4.1",
      "resolved": "https://registry.npmjs.org/jquery/-/jquery-3.4.1.tgz",
      "integrity": "sha512-36+AdBzCL+y6qjw5Tx7HgzeGCzC81MDDgaUP8ld2zhx58HdqXGoBd+tHdrBMiyjGQs0Hxs/MLZTu/eHNJJuWPw=="
    }
  }
}
